// !$*UTF8*$!
{
	archiveVersion = 1;
	classes = {
	};
	objectVersion = 46;
	objects = {

/* Begin PBXBuildFile section */
		8F04F8231E5660B20033FEAE /* AppDelegate.swift in Sources */ = {isa = PBXBuildFile; fileRef = 8F04F8221E5660B20033FEAE /* AppDelegate.swift */; };
		8F04F8281E5660B20033FEAE /* Main.storyboard in Resources */ = {isa = PBXBuildFile; fileRef = 8F04F8261E5660B20033FEAE /* Main.storyboard */; };
		8F04F82A1E5660B20033FEAE /* Assets.xcassets in Resources */ = {isa = PBXBuildFile; fileRef = 8F04F8291E5660B20033FEAE /* Assets.xcassets */; };
		8F04F82D1E5660B20033FEAE /* LaunchScreen.storyboard in Resources */ = {isa = PBXBuildFile; fileRef = 8F04F82B1E5660B20033FEAE /* LaunchScreen.storyboard */; };
		8F04F8391E56662B0033FEAE /* HomeViewController.swift in Sources */ = {isa = PBXBuildFile; fileRef = 8F04F8381E56662B0033FEAE /* HomeViewController.swift */; };
		8F04F83B1E566A160033FEAE /* VideoCollectionViewCell.swift in Sources */ = {isa = PBXBuildFile; fileRef = 8F04F83A1E566A160033FEAE /* VideoCollectionViewCell.swift */; };
		8F455E621E64548700C6CDAB /* UIColor.swift in Sources */ = {isa = PBXBuildFile; fileRef = 8F455E611E64548700C6CDAB /* UIColor.swift */; };
		8F455E641E6463BA00C6CDAB /* MenuBar.swift in Sources */ = {isa = PBXBuildFile; fileRef = 8F455E631E6463BA00C6CDAB /* MenuBar.swift */; };
		8F455E661E646D1000C6CDAB /* MenuBarCollectionViewCell.swift in Sources */ = {isa = PBXBuildFile; fileRef = 8F455E651E646D1000C6CDAB /* MenuBarCollectionViewCell.swift */; };
		8F455E681E646DF000C6CDAB /* BaseCell.swift in Sources */ = {isa = PBXBuildFile; fileRef = 8F455E671E646DF000C6CDAB /* BaseCell.swift */; };
		8F64089A1E6877DE0072B519 /* Video.swift in Sources */ = {isa = PBXBuildFile; fileRef = 8F6408991E6877DE0072B519 /* Video.swift */; };
		8F64089C1E687BCD0072B519 /* Channel.swift in Sources */ = {isa = PBXBuildFile; fileRef = 8F64089B1E687BCD0072B519 /* Channel.swift */; };
		8FFDCB221E6D96DD0069D502 /* UIImageView.swift in Sources */ = {isa = PBXBuildFile; fileRef = 8FFDCB211E6D96DD0069D502 /* UIImageView.swift */; };
		8FFDCB241E6DA50E0069D502 /* SettingsLauncher.swift in Sources */ = {isa = PBXBuildFile; fileRef = 8FFDCB231E6DA50E0069D502 /* SettingsLauncher.swift */; };
		8FFDCB261E6DB0370069D502 /* SettingsCell.swift in Sources */ = {isa = PBXBuildFile; fileRef = 8FFDCB251E6DB0370069D502 /* SettingsCell.swift */; };
		8FFE7DE01E6EA371008CD018 /* Setting.swift in Sources */ = {isa = PBXBuildFile; fileRef = 8FFE7DDF1E6EA371008CD018 /* Setting.swift */; };
/* End PBXBuildFile section */

/* Begin PBXFileReference section */
		8F04F81F1E5660B20033FEAE /* Youtube.app */ = {isa = PBXFileReference; explicitFileType = wrapper.application; includeInIndex = 0; path = Youtube.app; sourceTree = BUILT_PRODUCTS_DIR; };
		8F04F8221E5660B20033FEAE /* AppDelegate.swift */ = {isa = PBXFileReference; lastKnownFileType = sourcecode.swift; path = AppDelegate.swift; sourceTree = "<group>"; };
		8F04F8271E5660B20033FEAE /* Base */ = {isa = PBXFileReference; lastKnownFileType = file.storyboard; name = Base; path = Base.lproj/Main.storyboard; sourceTree = "<group>"; };
		8F04F8291E5660B20033FEAE /* Assets.xcassets */ = {isa = PBXFileReference; lastKnownFileType = folder.assetcatalog; path = Assets.xcassets; sourceTree = "<group>"; };
		8F04F82C1E5660B20033FEAE /* Base */ = {isa = PBXFileReference; lastKnownFileType = file.storyboard; name = Base; path = Base.lproj/LaunchScreen.storyboard; sourceTree = "<group>"; };
		8F04F82E1E5660B20033FEAE /* Info.plist */ = {isa = PBXFileReference; lastKnownFileType = text.plist.xml; path = Info.plist; sourceTree = "<group>"; };
		8F04F8381E56662B0033FEAE /* HomeViewController.swift */ = {isa = PBXFileReference; fileEncoding = 4; lastKnownFileType = sourcecode.swift; path = HomeViewController.swift; sourceTree = "<group>"; };
		8F04F83A1E566A160033FEAE /* VideoCollectionViewCell.swift */ = {isa = PBXFileReference; fileEncoding = 4; lastKnownFileType = sourcecode.swift; path = VideoCollectionViewCell.swift; sourceTree = "<group>"; };
		8F455E611E64548700C6CDAB /* UIColor.swift */ = {isa = PBXFileReference; fileEncoding = 4; lastKnownFileType = sourcecode.swift; path = UIColor.swift; sourceTree = "<group>"; };
		8F455E631E6463BA00C6CDAB /* MenuBar.swift */ = {isa = PBXFileReference; fileEncoding = 4; lastKnownFileType = sourcecode.swift; path = MenuBar.swift; sourceTree = "<group>"; };
		8F455E651E646D1000C6CDAB /* MenuBarCollectionViewCell.swift */ = {isa = PBXFileReference; fileEncoding = 4; lastKnownFileType = sourcecode.swift; path = MenuBarCollectionViewCell.swift; sourceTree = "<group>"; };
		8F455E671E646DF000C6CDAB /* BaseCell.swift */ = {isa = PBXFileReference; fileEncoding = 4; lastKnownFileType = sourcecode.swift; path = BaseCell.swift; sourceTree = "<group>"; };
		8F6408991E6877DE0072B519 /* Video.swift */ = {isa = PBXFileReference; fileEncoding = 4; lastKnownFileType = sourcecode.swift; path = Video.swift; sourceTree = "<group>"; };
		8F64089B1E687BCD0072B519 /* Channel.swift */ = {isa = PBXFileReference; fileEncoding = 4; lastKnownFileType = sourcecode.swift; path = Channel.swift; sourceTree = "<group>"; };
		8FFDCB211E6D96DD0069D502 /* UIImageView.swift */ = {isa = PBXFileReference; fileEncoding = 4; lastKnownFileType = sourcecode.swift; path = UIImageView.swift; sourceTree = "<group>"; };
		8FFDCB231E6DA50E0069D502 /* SettingsLauncher.swift */ = {isa = PBXFileReference; fileEncoding = 4; lastKnownFileType = sourcecode.swift; path = SettingsLauncher.swift; sourceTree = "<group>"; };
		8FFDCB251E6DB0370069D502 /* SettingsCell.swift */ = {isa = PBXFileReference; fileEncoding = 4; lastKnownFileType = sourcecode.swift; path = SettingsCell.swift; sourceTree = "<group>"; };
		8FFE7DDF1E6EA371008CD018 /* Setting.swift */ = {isa = PBXFileReference; fileEncoding = 4; lastKnownFileType = sourcecode.swift; path = Setting.swift; sourceTree = "<group>"; };
/* End PBXFileReference section */

/* Begin PBXFrameworksBuildPhase section */
		8F04F81C1E5660B20033FEAE /* Frameworks */ = {
			isa = PBXFrameworksBuildPhase;
			buildActionMask = 2147483647;
			files = (
			);
			runOnlyForDeploymentPostprocessing = 0;
		};
/* End PBXFrameworksBuildPhase section */

/* Begin PBXGroup section */
		8F04F8161E5660B20033FEAE = {
			isa = PBXGroup;
			children = (
				8F04F8211E5660B20033FEAE /* Youtube */,
				8F04F8201E5660B20033FEAE /* Products */,
			);
			sourceTree = "<group>";
		};
		8F04F8201E5660B20033FEAE /* Products */ = {
			isa = PBXGroup;
			children = (
				8F04F81F1E5660B20033FEAE /* Youtube.app */,
			);
			name = Products;
			sourceTree = "<group>";
		};
		8F04F8211E5660B20033FEAE /* Youtube */ = {
			isa = PBXGroup;
			children = (
				8F04F8221E5660B20033FEAE /* AppDelegate.swift */,
				8F04F8261E5660B20033FEAE /* Main.storyboard */,
				8F04F8371E5660DA0033FEAE /* Controller */,
				8F04F8361E5660D70033FEAE /* View */,
				8F04F8351E5660D00033FEAE /* Model */,
				8F455E601E64547600C6CDAB /* Extensions */,
				8F04F8341E5660C50033FEAE /* Supporting files */,
			);
			path = Youtube;
			sourceTree = "<group>";
		};
		8F04F8341E5660C50033FEAE /* Supporting files */ = {
			isa = PBXGroup;
			children = (
				8F04F8291E5660B20033FEAE /* Assets.xcassets */,
				8F04F82B1E5660B20033FEAE /* LaunchScreen.storyboard */,
				8F04F82E1E5660B20033FEAE /* Info.plist */,
			);
			name = "Supporting files";
			sourceTree = "<group>";
		};
		8F04F8351E5660D00033FEAE /* Model */ = {
			isa = PBXGroup;
			children = (
				8F6408991E6877DE0072B519 /* Video.swift */,
				8F64089B1E687BCD0072B519 /* Channel.swift */,
				8FFE7DDF1E6EA371008CD018 /* Setting.swift */,
			);
			name = Model;
			sourceTree = "<group>";
		};
		8F04F8361E5660D70033FEAE /* View */ = {
			isa = PBXGroup;
			children = (
				8F04F83A1E566A160033FEAE /* VideoCollectionViewCell.swift */,
				8F455E631E6463BA00C6CDAB /* MenuBar.swift */,
				8F455E651E646D1000C6CDAB /* MenuBarCollectionViewCell.swift */,
				8F455E671E646DF000C6CDAB /* BaseCell.swift */,
				8FFDCB251E6DB0370069D502 /* SettingsCell.swift */,
			);
			name = View;
			sourceTree = "<group>";
		};
		8F04F8371E5660DA0033FEAE /* Controller */ = {
			isa = PBXGroup;
			children = (
				8F04F8381E56662B0033FEAE /* HomeViewController.swift */,
				8FFDCB231E6DA50E0069D502 /* SettingsLauncher.swift */,
			);
			name = Controller;
			sourceTree = "<group>";
		};
		8F455E601E64547600C6CDAB /* Extensions */ = {
			isa = PBXGroup;
			children = (
				8F455E611E64548700C6CDAB /* UIColor.swift */,
				8FFDCB211E6D96DD0069D502 /* UIImageView.swift */,
			);
			name = Extensions;
			sourceTree = "<group>";
		};
/* End PBXGroup section */

/* Begin PBXNativeTarget section */
		8F04F81E1E5660B20033FEAE /* Youtube */ = {
			isa = PBXNativeTarget;
			buildConfigurationList = 8F04F8311E5660B20033FEAE /* Build configuration list for PBXNativeTarget "Youtube" */;
			buildPhases = (
				8F04F81B1E5660B20033FEAE /* Sources */,
				8F04F81C1E5660B20033FEAE /* Frameworks */,
				8F04F81D1E5660B20033FEAE /* Resources */,
			);
			buildRules = (
			);
			dependencies = (
			);
			name = Youtube;
			productName = Youtube;
			productReference = 8F04F81F1E5660B20033FEAE /* Youtube.app */;
			productType = "com.apple.product-type.application";
		};
/* End PBXNativeTarget section */

/* Begin PBXProject section */
		8F04F8171E5660B20033FEAE /* Project object */ = {
			isa = PBXProject;
			attributes = {
				LastSwiftUpdateCheck = 0810;
				LastUpgradeCheck = 0810;
				ORGANIZATIONNAME = "Andy Stef";
				TargetAttributes = {
					8F04F81E1E5660B20033FEAE = {
						CreatedOnToolsVersion = 8.1;
						DevelopmentTeam = Q562T6NCPA;
						ProvisioningStyle = Automatic;
					};
				};
			};
			buildConfigurationList = 8F04F81A1E5660B20033FEAE /* Build configuration list for PBXProject "Youtube" */;
			compatibilityVersion = "Xcode 3.2";
			developmentRegion = English;
			hasScannedForEncodings = 0;
			knownRegions = (
				en,
				Base,
			);
			mainGroup = 8F04F8161E5660B20033FEAE;
			productRefGroup = 8F04F8201E5660B20033FEAE /* Products */;
			projectDirPath = "";
			projectRoot = "";
			targets = (
				8F04F81E1E5660B20033FEAE /* Youtube */,
			);
		};
/* End PBXProject section */

/* Begin PBXResourcesBuildPhase section */
		8F04F81D1E5660B20033FEAE /* Resources */ = {
			isa = PBXResourcesBuildPhase;
			buildActionMask = 2147483647;
			files = (
				8F04F82D1E5660B20033FEAE /* LaunchScreen.storyboard in Resources */,
				8F04F82A1E5660B20033FEAE /* Assets.xcassets in Resources */,
				8F04F8281E5660B20033FEAE /* Main.storyboard in Resources */,
			);
			runOnlyForDeploymentPostprocessing = 0;
		};
/* End PBXResourcesBuildPhase section */

/* Begin PBXSourcesBuildPhase section */
		8F04F81B1E5660B20033FEAE /* Sources */ = {
			isa = PBXSourcesBuildPhase;
			buildActionMask = 2147483647;
			files = (
				8F04F83B1E566A160033FEAE /* VideoCollectionViewCell.swift in Sources */,
				8F455E621E64548700C6CDAB /* UIColor.swift in Sources */,
				8FFDCB261E6DB0370069D502 /* SettingsCell.swift in Sources */,
				8FFDCB241E6DA50E0069D502 /* SettingsLauncher.swift in Sources */,
				8FFE7DE01E6EA371008CD018 /* Setting.swift in Sources */,
				8F04F8231E5660B20033FEAE /* AppDelegate.swift in Sources */,
				8F455E661E646D1000C6CDAB /* MenuBarCollectionViewCell.swift in Sources */,
				8F455E681E646DF000C6CDAB /* BaseCell.swift in Sources */,
				8F64089A1E6877DE0072B519 /* Video.swift in Sources */,
				8FFDCB221E6D96DD0069D502 /* UIImageView.swift in Sources */,
				8F04F8391E56662B0033FEAE /* HomeViewController.swift in Sources */,
				8F64089C1E687BCD0072B519 /* Channel.swift in Sources */,
				8F455E641E6463BA00C6CDAB /* MenuBar.swift in Sources */,
			);
			runOnlyForDeploymentPostprocessing = 0;
		};
/* End PBXSourcesBuildPhase section */

/* Begin PBXVariantGroup section */
		8F04F8261E5660B20033FEAE /* Main.storyboard */ = {
			isa = PBXVariantGroup;
			children = (
				8F04F8271E5660B20033FEAE /* Base */,
			);
			name = Main.storyboard;
			sourceTree = "<group>";
		};
		8F04F82B1E5660B20033FEAE /* LaunchScreen.storyboard */ = {
			isa = PBXVariantGroup;
			children = (
				8F04F82C1E5660B20033FEAE /* Base */,
			);
			name = LaunchScreen.storyboard;
			sourceTree = "<group>";
		};
/* End PBXVariantGroup section */

/* Begin XCBuildConfiguration section */
		8F04F82F1E5660B20033FEAE /* Debug */ = {
			isa = XCBuildConfiguration;
			buildSettings = {
				ALWAYS_SEARCH_USER_PATHS = NO;
				CLANG_ANALYZER_NONNULL = YES;
				CLANG_CXX_LANGUAGE_STANDARD = "gnu++0x";
				CLANG_CXX_LIBRARY = "libc++";
				CLANG_ENABLE_MODULES = YES;
				CLANG_ENABLE_OBJC_ARC = YES;
				CLANG_WARN_BOOL_CONVERSION = YES;
				CLANG_WARN_CONSTANT_CONVERSION = YES;
				CLANG_WARN_DIRECT_OBJC_ISA_USAGE = YES_ERROR;
				CLANG_WARN_DOCUMENTATION_COMMENTS = YES;
				CLANG_WARN_EMPTY_BODY = YES;
				CLANG_WARN_ENUM_CONVERSION = YES;
				CLANG_WARN_INFINITE_RECURSION = YES;
				CLANG_WARN_INT_CONVERSION = YES;
				CLANG_WARN_OBJC_ROOT_CLASS = YES_ERROR;
				CLANG_WARN_SUSPICIOUS_MOVES = YES;
				CLANG_WARN_UNREACHABLE_CODE = YES;
				CLANG_WARN__DUPLICATE_METHOD_MATCH = YES;
				"CODE_SIGN_IDENTITY[sdk=iphoneos*]" = "iPhone Developer";
				COPY_PHASE_STRIP = NO;
				DEBUG_INFORMATION_FORMAT = dwarf;
				ENABLE_STRICT_OBJC_MSGSEND = YES;
				ENABLE_TESTABILITY = YES;
				GCC_C_LANGUAGE_STANDARD = gnu99;
				GCC_DYNAMIC_NO_PIC = NO;
				GCC_NO_COMMON_BLOCKS = YES;
				GCC_OPTIMIZATION_LEVEL = 0;
				GCC_PREPROCESSOR_DEFINITIONS = (
					"DEBUG=1",
					"$(inherited)",
				);
				GCC_WARN_64_TO_32_BIT_CONVERSION = YES;
				GCC_WARN_ABOUT_RETURN_TYPE = YES_ERROR;
				GCC_WARN_UNDECLARED_SELECTOR = YES;
				GCC_WARN_UNINITIALIZED_AUTOS = YES_AGGRESSIVE;
				GCC_WARN_UNUSED_FUNCTION = YES;
				GCC_WARN_UNUSED_VARIABLE = YES;
				IPHONEOS_DEPLOYMENT_TARGET = 10.1;
				MTL_ENABLE_DEBUG_INFO = YES;
				ONLY_ACTIVE_ARCH = YES;
				SDKROOT = iphoneos;
				SWIFT_ACTIVE_COMPILATION_CONDITIONS = DEBUG;
				SWIFT_OPTIMIZATION_LEVEL = "-Onone";
			};
			name = Debug;
		};
		8F04F8301E5660B20033FEAE /* Release */ = {
			isa = XCBuildConfiguration;
			buildSettings = {
				ALWAYS_SEARCH_USER_PATHS = NO;
				CLANG_ANALYZER_NONNULL = YES;
				CLANG_CXX_LANGUAGE_STANDARD = "gnu++0x";
				CLANG_CXX_LIBRARY = "libc++";
				CLANG_ENABLE_MODULES = YES;
				CLANG_ENABLE_OBJC_ARC = YES;
				CLANG_WARN_BOOL_CONVERSION = YES;
				CLANG_WARN_CONSTANT_CONVERSION = YES;
				CLANG_WARN_DIRECT_OBJC_ISA_USAGE = YES_ERROR;
				CLANG_WARN_DOCUMENTATION_COMMENTS = YES;
				CLANG_WARN_EMPTY_BODY = YES;
				CLANG_WARN_ENUM_CONVERSION = YES;
				CLANG_WARN_INFINITE_RECURSION = YES;
				CLANG_WARN_INT_CONVERSION = YES;
				CLANG_WARN_OBJC_ROOT_CLASS = YES_ERROR;
				CLANG_WARN_SUSPICIOUS_MOVES = YES;
				CLANG_WARN_UNREACHABLE_CODE = YES;
				CLANG_WARN__DUPLICATE_METHOD_MATCH = YES;
				"CODE_SIGN_IDENTITY[sdk=iphoneos*]" = "iPhone Developer";
				COPY_PHASE_STRIP = NO;
				DEBUG_INFORMATION_FORMAT = "dwarf-with-dsym";
				ENABLE_NS_ASSERTIONS = NO;
				ENABLE_STRICT_OBJC_MSGSEND = YES;
				GCC_C_LANGUAGE_STANDARD = gnu99;
				GCC_NO_COMMON_BLOCKS = YES;
				GCC_WARN_64_TO_32_BIT_CONVERSION = YES;
				GCC_WARN_ABOUT_RETURN_TYPE = YES_ERROR;
				GCC_WARN_UNDECLARED_SELECTOR = YES;
				GCC_WARN_UNINITIALIZED_AUTOS = YES_AGGRESSIVE;
				GCC_WARN_UNUSED_FUNCTION = YES;
				GCC_WARN_UNUSED_VARIABLE = YES;
				IPHONEOS_DEPLOYMENT_TARGET = 10.1;
				MTL_ENABLE_DEBUG_INFO = NO;
				SDKROOT = iphoneos;
				SWIFT_OPTIMIZATION_LEVEL = "-Owholemodule";
				VALIDATE_PRODUCT = YES;
			};
			name = Release;
		};
		8F04F8321E5660B20033FEAE /* Debug */ = {
			isa = XCBuildConfiguration;
			buildSettings = {
				ASSETCATALOG_COMPILER_APPICON_NAME = AppIcon;
				DEVELOPMENT_TEAM = Q562T6NCPA;
				INFOPLIST_FILE = Youtube/Info.plist;
				LD_RUNPATH_SEARCH_PATHS = "$(inherited) @executable_path/Frameworks";
				PRODUCT_BUNDLE_IDENTIFIER = AS.Youtube;
				PRODUCT_NAME = "$(TARGET_NAME)";
				SWIFT_VERSION = 3.0;
			};
			name = Debug;
		};
		8F04F8331E5660B20033FEAE /* Release */ = {
			isa = XCBuildConfiguration;
			buildSettings = {
				ASSETCATALOG_COMPILER_APPICON_NAME = AppIcon;
				DEVELOPMENT_TEAM = Q562T6NCPA;
				INFOPLIST_FILE = Youtube/Info.plist;
				LD_RUNPATH_SEARCH_PATHS = "$(inherited) @executable_path/Frameworks";
				PRODUCT_BUNDLE_IDENTIFIER = AS.Youtube;
				PRODUCT_NAME = "$(TARGET_NAME)";
				SWIFT_VERSION = 3.0;
			};
			name = Release;
		};
/* End XCBuildConfiguration section */

/* Begin XCConfigurationList section */
		8F04F81A1E5660B20033FEAE /* Build configuration list for PBXProject "Youtube" */ = {
			isa = XCConfigurationList;
			buildConfigurations = (
				8F04F82F1E5660B20033FEAE /* Debug */,
				8F04F8301E5660B20033FEAE /* Release */,
			);
			defaultConfigurationIsVisible = 0;
			defaultConfigurationName = Release;
		};
		8F04F8311E5660B20033FEAE /* Build configuration list for PBXNativeTarget "Youtube" */ = {
			isa = XCConfigurationList;
			buildConfigurations = (
				8F04F8321E5660B20033FEAE /* Debug */,
				8F04F8331E5660B20033FEAE /* Release */,
			);
			defaultConfigurationIsVisible = 0;
			defaultConfigurationName = Release;
		};
/* End XCConfigurationList section */
	};
	rootObject = 8F04F8171E5660B20033FEAE /* Project object */;
}
